
Microsoft Visual Studio Solution File, Format Version 12.00
# Visual Studio Version 17
VisualStudioVersion = 17.13.35931.197 d17.13
MinimumVisualStudioVersion = 10.0.40219.1
Project("{FAE04EC0-301F-11D3-BF4B-00C04F79EFBC}") = "different types of constructors", "different types of constructors\different types of constructors.csproj", "{5A1EC87D-CB52-497E-B4C6-640B62F7563C}"
EndProject
Global
	GlobalSection(SolutionConfigurationPlatforms) = preSolution
		Debug|Any CPU = Debug|Any CPU
		Release|Any CPU = Release|Any CPU
	EndGlobalSection
	GlobalSection(ProjectConfigurationPlatforms) = postSolution
		{5A1EC87D-CB52-497E-B4C6-640B62F7563C}.Debug|Any CPU.ActiveCfg = Debug|Any CPU
		{5A1EC87D-CB52-497E-B4C6-640B62F7563C}.Debug|Any CPU.Build.0 = Debug|Any CPU
		{5A1EC87D-CB52-497E-B4C6-640B62F7563C}.Release|Any CPU.ActiveCfg = Release|Any CPU
		{5A1EC87D-CB52-497E-B4C6-640B62F7563C}.Release|Any CPU.Build.0 = Release|Any CPU
	EndGlobalSection
	GlobalSection(SolutionProperties) = preSolution
		HideSolutionNode = FALSE
	EndGlobalSection
	GlobalSection(ExtensibilityGlobals) = postSolution
		SolutionGuid = {CDC5C2FC-E789-458F-AB6A-2B5B7A8323A3}
	EndGlobalSection
EndGlobal
