
Microsoft Visual Studio Solution File, Format Version 12.00
# Visual Studio Version 17
VisualStudioVersion = 17.13.35931.197 d17.13
MinimumVisualStudioVersion = 10.0.40219.1
Project("{FAE04EC0-301F-11D3-BF4B-00C04F79EFBC}") = "jagged array", "jagged array\jagged array.csproj", "{0627D3C4-EB6B-4380-B692-8001D9862E10}"
EndProject
Global
	GlobalSection(SolutionConfigurationPlatforms) = preSolution
		Debug|Any CPU = Debug|Any CPU
		Release|Any CPU = Release|Any CPU
	EndGlobalSection
	GlobalSection(ProjectConfigurationPlatforms) = postSolution
		{0627D3C4-EB6B-4380-B692-8001D9862E10}.Debug|Any CPU.ActiveCfg = Debug|Any CPU
		{0627D3C4-EB6B-4380-B692-8001D9862E10}.Debug|Any CPU.Build.0 = Debug|Any CPU
		{0627D3C4-EB6B-4380-B692-8001D9862E10}.Release|Any CPU.ActiveCfg = Release|Any CPU
		{0627D3C4-EB6B-4380-B692-8001D9862E10}.Release|Any CPU.Build.0 = Release|Any CPU
	EndGlobalSection
	GlobalSection(SolutionProperties) = preSolution
		HideSolutionNode = FALSE
	EndGlobalSection
	GlobalSection(ExtensibilityGlobals) = postSolution
		SolutionGuid = {B7FB7997-3E1D-4398-AD8B-25CEB21EB688}
	EndGlobalSection
EndGlobal
